
Microsoft Visual Studio Solution File, Format Version 12.00
# Visual Studio Version 16
VisualStudioVersion = 16.0.30523.141
MinimumVisualStudioVersion = 10.0.40219.1
Project("{9A19103F-16F7-4668-BE54-9A1E7A4F7556}") = "Day1", "..\Day1\Day1.csproj", "{591FA026-4E91-46C9-B150-185321FF9F28}"
EndProject
Project("{9A19103F-16F7-4668-BE54-9A1E7A4F7556}") = "Day2", "Day2\Day2.csproj", "{3A77A116-47D0-47FB-B5DA-BA9C74218EF6}"
EndProject
Project("{9A19103F-16F7-4668-BE54-9A1E7A4F7556}") = "Day3", "Day3\Day3.csproj", "{A07D8322-821C-475F-9DA9-2443D02A6C28}"
EndProject
Project("{FAE04EC0-301F-11D3-BF4B-00C04F79EFBC}") = "Day4", "Day4\Day4.csproj", "{1EF60DCC-B046-438D-AD16-732189F7D993}"
EndProject
Global
	GlobalSection(SolutionConfigurationPlatforms) = preSolution
		Debug|Any CPU = Debug|Any CPU
		Release|Any CPU = Release|Any CPU
	EndGlobalSection
	GlobalSection(ProjectConfigurationPlatforms) = postSolution
		{591FA026-4E91-46C9-B150-185321FF9F28}.Debug|Any CPU.ActiveCfg = Debug|Any CPU
		{591FA026-4E91-46C9-B150-185321FF9F28}.Debug|Any CPU.Build.0 = Debug|Any CPU
		{591FA026-4E91-46C9-B150-185321FF9F28}.Release|Any CPU.ActiveCfg = Release|Any CPU
		{591FA026-4E91-46C9-B150-185321FF9F28}.Release|Any CPU.Build.0 = Release|Any CPU
		{3A77A116-47D0-47FB-B5DA-BA9C74218EF6}.Debug|Any CPU.ActiveCfg = Debug|Any CPU
		{3A77A116-47D0-47FB-B5DA-BA9C74218EF6}.Debug|Any CPU.Build.0 = Debug|Any CPU
		{3A77A116-47D0-47FB-B5DA-BA9C74218EF6}.Release|Any CPU.ActiveCfg = Release|Any CPU
		{3A77A116-47D0-47FB-B5DA-BA9C74218EF6}.Release|Any CPU.Build.0 = Release|Any CPU
		{A07D8322-821C-475F-9DA9-2443D02A6C28}.Debug|Any CPU.ActiveCfg = Debug|Any CPU
		{A07D8322-821C-475F-9DA9-2443D02A6C28}.Debug|Any CPU.Build.0 = Debug|Any CPU
		{A07D8322-821C-475F-9DA9-2443D02A6C28}.Release|Any CPU.ActiveCfg = Release|Any CPU
		{A07D8322-821C-475F-9DA9-2443D02A6C28}.Release|Any CPU.Build.0 = Release|Any CPU
		{1EF60DCC-B046-438D-AD16-732189F7D993}.Debug|Any CPU.ActiveCfg = Debug|Any CPU
		{1EF60DCC-B046-438D-AD16-732189F7D993}.Debug|Any CPU.Build.0 = Debug|Any CPU
		{1EF60DCC-B046-438D-AD16-732189F7D993}.Release|Any CPU.ActiveCfg = Release|Any CPU
		{1EF60DCC-B046-438D-AD16-732189F7D993}.Release|Any CPU.Build.0 = Release|Any CPU
	EndGlobalSection
	GlobalSection(SolutionProperties) = preSolution
		HideSolutionNode = FALSE
	EndGlobalSection
	GlobalSection(ExtensibilityGlobals) = postSolution
		SolutionGuid = {6CA54FE0-9862-4351-A70A-78C53D11E1F9}
	EndGlobalSection
EndGlobal
